// !$*UTF8*$!
{
	archiveVersion = 1;
	classes = {
	};
	objectVersion = 46;
	objects = {

/* Begin PBXBuildFile section */
		3D81FF291CAFE50200AC6F8C /* Plist2ObjC.m in Sources */ = {isa = PBXBuildFile; fileRef = 3D81FF281CAFE50200AC6F8C /* Plist2ObjC.m */; };
		3DA2E7E21E983DB700197B6F /* ObjC2Plist.m in Sources */ = {isa = PBXBuildFile; fileRef = 3DA2E7D51E983CD700197B6F /* ObjC2Plist.m */; };
/* End PBXBuildFile section */

/* Begin PBXCopyFilesBuildPhase section */
		3D81FF231CAFE50200AC6F8C /* CopyFiles */ = {
			isa = PBXCopyFilesBuildPhase;
			buildActionMask = 2147483647;
			dstPath = /usr/share/man/man1/;
			dstSubfolderSpec = 0;
			files = (
			);
			runOnlyForDeploymentPostprocessing = 1;
		};
		3DA2E7D91E983D9E00197B6F /* CopyFiles */ = {
			isa = PBXCopyFilesBuildPhase;
			buildActionMask = 2147483647;
			dstPath = /usr/share/man/man1/;
			dstSubfolderSpec = 0;
			files = (
			);
			runOnlyForDeploymentPostprocessing = 1;
		};
/* End PBXCopyFilesBuildPhase section */

/* Begin PBXFileReference section */
		3D81FF251CAFE50200AC6F8C /* Plist2ObjC */ = {isa = PBXFileReference; explicitFileType = "compiled.mach-o.executable"; includeInIndex = 0; path = Plist2ObjC; sourceTree = BUILT_PRODUCTS_DIR; };
		3D81FF281CAFE50200AC6F8C /* Plist2ObjC.m */ = {isa = PBXFileReference; lastKnownFileType = sourcecode.c.objc; path = Plist2ObjC.m; sourceTree = SOURCE_ROOT; };
		3DA2E7D51E983CD700197B6F /* ObjC2Plist.m */ = {isa = PBXFileReference; lastKnownFileType = sourcecode.c.objc; path = ObjC2Plist.m; sourceTree = "<group>"; };
		3DA2E7DB1E983D9E00197B6F /* ObjC2Plist */ = {isa = PBXFileReference; explicitFileType = "compiled.mach-o.executable"; includeInIndex = 0; path = ObjC2Plist; sourceTree = BUILT_PRODUCTS_DIR; };
/* End PBXFileReference section */

/* Begin PBXFrameworksBuildPhase section */
		3D81FF221CAFE50200AC6F8C /* Frameworks */ = {
			isa = PBXFrameworksBuildPhase;
			buildActionMask = 2147483647;
			files = (
			);
			runOnlyForDeploymentPostprocessing = 0;
		};
		3DA2E7D81E983D9E00197B6F /* Frameworks */ = {
			isa = PBXFrameworksBuildPhase;
			buildActionMask = 2147483647;
			files = (
			);
			runOnlyForDeploymentPostprocessing = 0;
		};
/* End PBXFrameworksBuildPhase section */

/* Begin PBXGroup section */
		3D81FF1C1CAFE50200AC6F8C = {
			isa = PBXGroup;
			children = (
				3D81FF271CAFE50200AC6F8C /* Plist2ObjC */,
				3DA2E7D61E983D8500197B6F /* ObjC2Plist */,
				3D81FF261CAFE50200AC6F8C /* Products */,
			);
			sourceTree = "<group>";
			usesTabs = 1;
		};
		3D81FF261CAFE50200AC6F8C /* Products */ = {
			isa = PBXGroup;
			children = (
				3D81FF251CAFE50200AC6F8C /* Plist2ObjC */,
				3DA2E7DB1E983D9E00197B6F /* ObjC2Plist */,
			);
			name = Products;
			sourceTree = "<group>";
		};
		3D81FF271CAFE50200AC6F8C /* Plist2ObjC */ = {
			isa = PBXGroup;
			children = (
				3D81FF281CAFE50200AC6F8C /* Plist2ObjC.m */,
			);
			name = Plist2ObjC;
			sourceTree = "<group>";
		};
		3DA2E7D61E983D8500197B6F /* ObjC2Plist */ = {
			isa = PBXGroup;
			children = (
				3DA2E7D51E983CD700197B6F /* ObjC2Plist.m */,
			);
			name = ObjC2Plist;
			sourceTree = "<group>";
		};
/* End PBXGroup section */

/* Begin PBXNativeTarget section */
		3D81FF241CAFE50200AC6F8C /* Plist2ObjC */ = {
			isa = PBXNativeTarget;
			buildConfigurationList = 3D81FF2C1CAFE50200AC6F8C /* Build configuration list for PBXNativeTarget "Plist2ObjC" */;
			buildPhases = (
				3D81FF211CAFE50200AC6F8C /* Sources */,
				3D81FF221CAFE50200AC6F8C /* Frameworks */,
				3D81FF231CAFE50200AC6F8C /* CopyFiles */,
			);
			buildRules = (
			);
			dependencies = (
			);
			name = Plist2ObjC;
			productName = Plist2ObjC;
			productReference = 3D81FF251CAFE50200AC6F8C /* Plist2ObjC */;
			productType = "com.apple.product-type.tool";
		};
		3DA2E7DA1E983D9E00197B6F /* ObjC2Plist */ = {
			isa = PBXNativeTarget;
			buildConfigurationList = 3DA2E7DF1E983D9E00197B6F /* Build configuration list for PBXNativeTarget "ObjC2Plist" */;
			buildPhases = (
				3DA2E7D71E983D9E00197B6F /* Sources */,
				3DA2E7D81E983D9E00197B6F /* Frameworks */,
				3DA2E7D91E983D9E00197B6F /* CopyFiles */,
			);
			buildRules = (
			);
			dependencies = (
			);
			name = ObjC2Plist;
			productName = ObjC2Plist;
			productReference = 3DA2E7DB1E983D9E00197B6F /* ObjC2Plist */;
			productType = "com.apple.product-type.tool";
		};
/* End PBXNativeTarget section */

/* Begin PBXProject section */
		3D81FF1D1CAFE50200AC6F8C /* Project object */ = {
			isa = PBXProject;
			attributes = {
				LastUpgradeCheck = 0900;
				ORGANIZATIONNAME = Jan;
				TargetAttributes = {
					3D81FF241CAFE50200AC6F8C = {
						CreatedOnToolsVersion = 7.3;
					};
					3DA2E7DA1E983D9E00197B6F = {
						CreatedOnToolsVersion = 7.3.1;
					};
				};
			};
			buildConfigurationList = 3D81FF201CAFE50200AC6F8C /* Build configuration list for PBXProject "Plist2ObjC" */;
			compatibilityVersion = "Xcode 3.2";
			developmentRegion = English;
			hasScannedForEncodings = 0;
			knownRegions = (
				en,
			);
			mainGroup = 3D81FF1C1CAFE50200AC6F8C;
			productRefGroup = 3D81FF261CAFE50200AC6F8C /* Products */;
			projectDirPath = "";
			projectRoot = "";
			targets = (
				3D81FF241CAFE50200AC6F8C /* Plist2ObjC */,
				3DA2E7DA1E983D9E00197B6F /* ObjC2Plist */,
			);
		};
/* End PBXProject section */

/* Begin PBXSourcesBuildPhase section */
		3D81FF211CAFE50200AC6F8C /* Sources */ = {
			isa = PBXSourcesBuildPhase;
			buildActionMask = 2147483647;
			files = (
				3D81FF291CAFE50200AC6F8C /* Plist2ObjC.m in Sources */,
			);
			runOnlyForDeploymentPostprocessing = 0;
		};
		3DA2E7D71E983D9E00197B6F /* Sources */ = {
			isa = PBXSourcesBuildPhase;
			buildActionMask = 2147483647;
			files = (
				3DA2E7E21E983DB700197B6F /* ObjC2Plist.m in Sources */,
			);
			runOnlyForDeploymentPostprocessing = 0;
		};
/* End PBXSourcesBuildPhase section */

/* Begin XCBuildConfiguration section */
		3D81FF2A1CAFE50200AC6F8C /* Debug */ = {
			isa = XCBuildConfiguration;
			buildSettings = {
				ALWAYS_SEARCH_USER_PATHS = NO;
				CLANG_ANALYZER_NONNULL = YES;
				CLANG_CXX_LANGUAGE_STANDARD = "gnu++0x";
				CLANG_CXX_LIBRARY = "libc++";
				CLANG_ENABLE_MODULES = YES;
				CLANG_ENABLE_OBJC_ARC = YES;
				CLANG_WARN_BLOCK_CAPTURE_AUTORELEASING = YES;
				CLANG_WARN_BOOL_CONVERSION = YES;
				CLANG_WARN_COMMA = YES;
				CLANG_WARN_CONSTANT_CONVERSION = YES;
				CLANG_WARN_DIRECT_OBJC_ISA_USAGE = YES_ERROR;
				CLANG_WARN_EMPTY_BODY = YES;
				CLANG_WARN_ENUM_CONVERSION = YES;
				CLANG_WARN_INFINITE_RECURSION = YES;
				CLANG_WARN_INT_CONVERSION = YES;
				CLANG_WARN_NON_LITERAL_NULL_CONVERSION = YES;
				CLANG_WARN_OBJC_LITERAL_CONVERSION = YES;
				CLANG_WARN_OBJC_ROOT_CLASS = YES_ERROR;
				CLANG_WARN_RANGE_LOOP_ANALYSIS = YES;
				CLANG_WARN_STRICT_PROTOTYPES = YES;
				CLANG_WARN_SUSPICIOUS_MOVE = YES;
				CLANG_WARN_UNREACHABLE_CODE = YES;
				CLANG_WARN__DUPLICATE_METHOD_MATCH = YES;
				CODE_SIGN_IDENTITY = "-";
				COPY_PHASE_STRIP = NO;
				DEBUG_INFORMATION_FORMAT = dwarf;
				ENABLE_STRICT_OBJC_MSGSEND = YES;
				ENABLE_TESTABILITY = YES;
				GCC_C_LANGUAGE_STANDARD = gnu99;
				GCC_DYNAMIC_NO_PIC = NO;
				GCC_NO_COMMON_BLOCKS = YES;
				GCC_OPTIMIZATION_LEVEL = 0;
				GCC_PREPROCESSOR_DEFINITIONS = (
					"DEBUG=1",
					"$(inherited)",
				);
				GCC_WARN_64_TO_32_BIT_CONVERSION = YES;
				GCC_WARN_ABOUT_RETURN_TYPE = YES_ERROR;
				GCC_WARN_UNDECLARED_SELECTOR = YES;
				GCC_WARN_UNINITIALIZED_AUTOS = YES_AGGRESSIVE;
				GCC_WARN_UNUSED_FUNCTION = YES;
				GCC_WARN_UNUSED_VARIABLE = YES;
				MACOSX_DEPLOYMENT_TARGET = 10.11;
				MTL_ENABLE_DEBUG_INFO = YES;
				ONLY_ACTIVE_ARCH = YES;
				SDKROOT = macosx;
			};
			name = Debug;
		};
		3D81FF2B1CAFE50200AC6F8C /* Release */ = {
			isa = XCBuildConfiguration;
			buildSettings = {
				ALWAYS_SEARCH_USER_PATHS = NO;
				CLANG_ANALYZER_NONNULL = YES;
				CLANG_CXX_LANGUAGE_STANDARD = "gnu++0x";
				CLANG_CXX_LIBRARY = "libc++";
				CLANG_ENABLE_MODULES = YES;
				CLANG_ENABLE_OBJC_ARC = YES;
				CLANG_WARN_BLOCK_CAPTURE_AUTORELEASING = YES;
				CLANG_WARN_BOOL_CONVERSION = YES;
				CLANG_WARN_COMMA = YES;
				CLANG_WARN_CONSTANT_CONVERSION = YES;
				CLANG_WARN_DIRECT_OBJC_ISA_USAGE = YES_ERROR;
				CLANG_WARN_EMPTY_BODY = YES;
				CLANG_WARN_ENUM_CONVERSION = YES;
				CLANG_WARN_INFINITE_RECURSION = YES;
				CLANG_WARN_INT_CONVERSION = YES;
				CLANG_WARN_NON_LITERAL_NULL_CONVERSION = YES;
				CLANG_WARN_OBJC_LITERAL_CONVERSION = YES;
				CLANG_WARN_OBJC_ROOT_CLASS = YES_ERROR;
				CLANG_WARN_RANGE_LOOP_ANALYSIS = YES;
				CLANG_WARN_STRICT_PROTOTYPES = YES;
				CLANG_WARN_SUSPICIOUS_MOVE = YES;
				CLANG_WARN_UNREACHABLE_CODE = YES;
				CLANG_WARN__DUPLICATE_METHOD_MATCH = YES;
				CODE_SIGN_IDENTITY = "-";
				COPY_PHASE_STRIP = NO;
				DEBUG_INFORMATION_FORMAT = "dwarf-with-dsym";
				ENABLE_NS_ASSERTIONS = NO;
				ENABLE_STRICT_OBJC_MSGSEND = YES;
				GCC_C_LANGUAGE_STANDARD = gnu99;
				GCC_NO_COMMON_BLOCKS = YES;
				GCC_WARN_64_TO_32_BIT_CONVERSION = YES;
				GCC_WARN_ABOUT_RETURN_TYPE = YES_ERROR;
				GCC_WARN_UNDECLARED_SELECTOR = YES;
				GCC_WARN_UNINITIALIZED_AUTOS = YES_AGGRESSIVE;
				GCC_WARN_UNUSED_FUNCTION = YES;
				GCC_WARN_UNUSED_VARIABLE = YES;
				MACOSX_DEPLOYMENT_TARGET = 10.11;
				MTL_ENABLE_DEBUG_INFO = NO;
				SDKROOT = macosx;
			};
			name = Release;
		};
		3D81FF2D1CAFE50200AC6F8C /* Debug */ = {
			isa = XCBuildConfiguration;
			buildSettings = {
				PRODUCT_NAME = "$(TARGET_NAME)";
			};
			name = Debug;
		};
		3D81FF2E1CAFE50200AC6F8C /* Release */ = {
			isa = XCBuildConfiguration;
			buildSettings = {
				PRODUCT_NAME = "$(TARGET_NAME)";
			};
			name = Release;
		};
		3DA2E7E01E983D9E00197B6F /* Debug */ = {
			isa = XCBuildConfiguration;
			buildSettings = {
				PRODUCT_NAME = "$(TARGET_NAME)";
			};
			name = Debug;
		};
		3DA2E7E11E983D9E00197B6F /* Release */ = {
			isa = XCBuildConfiguration;
			buildSettings = {
				PRODUCT_NAME = "$(TARGET_NAME)";
			};
			name = Release;
		};
/* End XCBuildConfiguration section */

/* Begin XCConfigurationList section */
		3D81FF201CAFE50200AC6F8C /* Build configuration list for PBXProject "Plist2ObjC" */ = {
			isa = XCConfigurationList;
			buildConfigurations = (
				3D81FF2A1CAFE50200AC6F8C /* Debug */,
				3D81FF2B1CAFE50200AC6F8C /* Release */,
			);
			defaultConfigurationIsVisible = 0;
			defaultConfigurationName = Release;
		};
		3D81FF2C1CAFE50200AC6F8C /* Build configuration list for PBXNativeTarget "Plist2ObjC" */ = {
			isa = XCConfigurationList;
			buildConfigurations = (
				3D81FF2D1CAFE50200AC6F8C /* Debug */,
				3D81FF2E1CAFE50200AC6F8C /* Release */,
			);
			defaultConfigurationIsVisible = 0;
			defaultConfigurationName = Release;
		};
		3DA2E7DF1E983D9E00197B6F /* Build configuration list for PBXNativeTarget "ObjC2Plist" */ = {
			isa = XCConfigurationList;
			buildConfigurations = (
				3DA2E7E01E983D9E00197B6F /* Debug */,
				3DA2E7E11E983D9E00197B6F /* Release */,
			);
			defaultConfigurationIsVisible = 0;
			defaultConfigurationName = Release;
		};
/* End XCConfigurationList section */
	};
	rootObject = 3D81FF1D1CAFE50200AC6F8C /* Project object */;
}
